
Microsoft Visual Studio Solution File, Format Version 12.00
# Visual Studio Version 17
VisualStudioVersion = 17.7.34031.279
MinimumVisualStudioVersion = 10.0.40219.1
Project("{9A19103F-16F7-4668-BE54-9A1E7A4F7556}") = "Client", "Client\Client\Client.csproj", "{8DC31627-AB9A-4558-93B0-F05ABC819BD3}"
EndProject
Project("{9A19103F-16F7-4668-BE54-9A1E7A4F7556}") = "Server", "Server\Server\Server.csproj", "{C88AAA07-CED2-434A-80F0-95B088DF5F47}"
EndProject
Project("{9A19103F-16F7-4668-BE54-9A1E7A4F7556}") = "SharedObj", "SharedObj\SharedObj.csproj", "{B36A4E85-DD25-4C08-8F74-5C34A854FF0E}"
EndProject
Global
	GlobalSection(SolutionConfigurationPlatforms) = preSolution
		Debug|Any CPU = Debug|Any CPU
		Release|Any CPU = Release|Any CPU
	EndGlobalSection
	GlobalSection(ProjectConfigurationPlatforms) = postSolution
		{8DC31627-AB9A-4558-93B0-F05ABC819BD3}.Debug|Any CPU.ActiveCfg = Debug|Any CPU
		{8DC31627-AB9A-4558-93B0-F05ABC819BD3}.Debug|Any CPU.Build.0 = Debug|Any CPU
		{8DC31627-AB9A-4558-93B0-F05ABC819BD3}.Release|Any CPU.ActiveCfg = Release|Any CPU
		{8DC31627-AB9A-4558-93B0-F05ABC819BD3}.Release|Any CPU.Build.0 = Release|Any CPU
		{C88AAA07-CED2-434A-80F0-95B088DF5F47}.Debug|Any CPU.ActiveCfg = Debug|Any CPU
		{C88AAA07-CED2-434A-80F0-95B088DF5F47}.Debug|Any CPU.Build.0 = Debug|Any CPU
		{C88AAA07-CED2-434A-80F0-95B088DF5F47}.Release|Any CPU.ActiveCfg = Release|Any CPU
		{C88AAA07-CED2-434A-80F0-95B088DF5F47}.Release|Any CPU.Build.0 = Release|Any CPU
		{B36A4E85-DD25-4C08-8F74-5C34A854FF0E}.Debug|Any CPU.ActiveCfg = Debug|Any CPU
		{B36A4E85-DD25-4C08-8F74-5C34A854FF0E}.Debug|Any CPU.Build.0 = Debug|Any CPU
		{B36A4E85-DD25-4C08-8F74-5C34A854FF0E}.Release|Any CPU.ActiveCfg = Release|Any CPU
		{B36A4E85-DD25-4C08-8F74-5C34A854FF0E}.Release|Any CPU.Build.0 = Release|Any CPU
	EndGlobalSection
	GlobalSection(SolutionProperties) = preSolution
		HideSolutionNode = FALSE
	EndGlobalSection
	GlobalSection(ExtensibilityGlobals) = postSolution
		SolutionGuid = {97AB0FFA-47D9-4686-AA19-A64D2A14E0C9}
	EndGlobalSection
EndGlobal
